{
    "_meta": {
        "hash": {
            "sha256": "4a9bb68e5b9a79b4007f0cba4b5db9beab6a7f75e46b321ffedf2a5ec5293ce7"
        },
        "pipfile-spec": 6,
        "requires": {
            "python_version": "3.6"
        },
        "sources": [
            {
                "name": "pypi",
                "url": "https://pypi.org/simple",
                "verify_ssl": true
            }
        ]
    },
    "default": {
        "certifi": {
            "hashes": [
                "sha256:35824b4c3a97115964b408844d64aa14db1cc518f6562e8d7261699d1350a9e3",
                "sha256:4ad3232f5e926d6718ec31cfc1fcadfde020920e278684144551c91769c7bc18"
            ],
            "index": "pypi",
            "version": "==2022.12.7"
        },
        "chardet": {
            "hashes": [
                "sha256:84ab92ed1c4d4f16916e05906b6b75a6c0fb5db821cc65e70cbd64a3e2a5eaae",
                "sha256:fc323ffcaeaed0e0a02bf4d117757b98aed530d9ed4531e3e15460124c106691"
            ],
            "version": "==3.0.4"
        },
        "idna": {
            "hashes": [
                "sha256:c357b3f628cf53ae2c4c05627ecc484553142ca23264e593d327bcde5e9c3407",
                "sha256:ea8b7f6188e6fa117537c3df7da9fc686d485087abf6ac197f9c46432f7e4a3c"
            ],
            "version": "==2.8"
        },
        "requests": {
            "hashes": [
                "sha256:502a824f31acdacb3a35b6690b5fbf0bc41d63a24a45c4004352b0242707598e",
                "sha256:7bf2a778576d825600030a110f3c0e3e8edc51dfaafe1c146e39a2027784957b"
            ],
            "index": "pypi",
            "version": "==2.21.0"
        },
        "urllib3": {
            "hashes": [
                "sha256:2393a695cd12afedd0dcb26fe5d50d0cf248e5a66f75dbd89a3d4eb333a61af4",
                "sha256:a637e5fae88995b256e3409dc4d52c2e2e0ba32c42a6365fee8bbd2238de3cfb"
            ],
            "markers": "python_version >= '2.7' and python_version not in '3.0, 3.1, 3.2, 3.3' and python_version < '4'",
            "version": "==1.24.3"
        }
    },
    "develop": {
        "atomicwrites": {
            "hashes": [
                "sha256:81b2c9071a49367a7f770170e5eec8cb66567cfbbc8c73d20ce5ca4a8d71cf11"
            ],
            "version": "==1.4.1"
        },
        "attrs": {
            "hashes": [
                "sha256:1c7960ccfd6a005cd9f7ba884e6316b5e430a3f1a6c37c5f87d8b43f83b54ec9",
                "sha256:a17a9573a6f475c99b551c0e0a812707ddda1ec9653bed04c13841404ed6f450"
            ],
            "version": "==17.4.0"
        },
        "autopep8": {
            "hashes": [
                "sha256:33d2b5325b7e1afb4240814fe982eea3a92ebea712869bfd08b3c0393404248c"
            ],
            "index": "pypi",
            "version": "==1.4.3"
        },
        "boto3": {
            "hashes": [
                "sha256:2bcda6aa7cbc51a30fc49f9129500c4df8b92fee3b4a44562c9d595bf32c4dcd",
                "sha256:609900ca26f379123911b51ced68e437322ff3c347deaac7d84a53710d612c2c"
            ],
            "index": "pypi",
            "version": "==1.9.92"
        },
        "botocore": {
            "hashes": [
                "sha256:3baf129118575602ada9926f5166d82d02273c250d0feb313fc270944b27c48b",
                "sha256:dc080aed4f9b220a9e916ca29ca97a9d37e8e1d296fe89cbaeef929bf0c8066b"
            ],
            "version": "==1.12.253"
        },
        "chalice": {
            "hashes": [
                "sha256:98a1237bf77f18761d8f964cb3c3b794e2d377a261b5e1640268608ec94336fa",
                "sha256:f778d065a3c8443750e199c604d9429c87d3bc136ec20191bc56fcfe444e9199"
            ],
            "index": "pypi",
            "version": "==1.7.0"
        },
        "click": {
            "hashes": [
                "sha256:29f99fc6125fbc931b758dc053b3114e55c77a6e4c6c3a2674a2dc986016381d",
                "sha256:f15516df478d5a56180fbf80e68f206010e6d160fc39fa508b65e035fd75130b"
            ],
            "version": "==6.7"
        },
        "coverage": {
            "hashes": [
                "sha256:01774a2c2c729619760320270e42cd9e797427ecfddd32c2a7b639cdc481f3c0",
                "sha256:03b20e52b7d31be571c9c06b74746746d4eb82fc260e594dc662ed48145e9efd",
                "sha256:0a7726f74ff63f41e95ed3a89fef002916c828bb5fcae83b505b49d81a066884",
                "sha256:1219d760ccfafc03c0822ae2e06e3b1248a8e6d1a70928966bafc6838d3c9e48",
                "sha256:13362889b2d46e8d9f97c421539c97c963e34031ab0cb89e8ca83a10cc71ac76",
                "sha256:174cf9b4bef0db2e8244f82059a5a72bd47e1d40e71c68ab055425172b16b7d0",
                "sha256:17e6c11038d4ed6e8af1407d9e89a2904d573be29d51515f14262d7f10ef0a64",
                "sha256:215f8afcc02a24c2d9a10d3790b21054b58d71f4b3c6f055d4bb1b15cecce685",
                "sha256:22e60a3ca5acba37d1d4a2ee66e051f5b0e1b9ac950b5b0cf4aa5366eda41d47",
                "sha256:2641f803ee9f95b1f387f3e8f3bf28d83d9b69a39e9911e5bfee832bea75240d",
                "sha256:276651978c94a8c5672ea60a2656e95a3cce2a3f31e9fb2d5ebd4c215d095840",
                "sha256:3f7c17209eef285c86f819ff04a6d4cbee9b33ef05cbcaae4c0b4e8e06b3ec8f",
                "sha256:3feac4084291642165c3a0d9eaebedf19ffa505016c4d3db15bfe235718d4971",
                "sha256:49dbff64961bc9bdd2289a2bda6a3a5a331964ba5497f694e2cbd540d656dc1c",
                "sha256:4e547122ca2d244f7c090fe3f4b5a5861255ff66b7ab6d98f44a0222aaf8671a",
                "sha256:5829192582c0ec8ca4a2532407bc14c2f338d9878a10442f5d03804a95fac9de",
                "sha256:5d6b09c972ce9200264c35a1d53d43ca55ef61836d9ec60f0d44273a31aa9f17",
                "sha256:600617008aa82032ddeace2535626d1bc212dfff32b43989539deda63b3f36e4",
                "sha256:619346d57c7126ae49ac95b11b0dc8e36c1dd49d148477461bb66c8cf13bb521",
                "sha256:63c424e6f5b4ab1cf1e23a43b12f542b0ec2e54f99ec9f11b75382152981df57",
                "sha256:6dbc1536e105adda7a6312c778f15aaabe583b0e9a0b0a324990334fd458c94b",
                "sha256:6e1394d24d5938e561fbeaa0cd3d356207579c28bd1792f25a068743f2d5b282",
                "sha256:86f2e78b1eff847609b1ca8050c9e1fa3bd44ce755b2ec30e70f2d3ba3844644",
                "sha256:8bdfe9ff3a4ea37d17f172ac0dff1e1c383aec17a636b9b35906babc9f0f5475",
                "sha256:8e2c35a4c1f269704e90888e56f794e2d9c0262fb0c1b1c8c4ee44d9b9e77b5d",
                "sha256:92b8c845527eae547a2a6617d336adc56394050c3ed8a6918683646328fbb6da",
                "sha256:9365ed5cce5d0cf2c10afc6add145c5037d3148585b8ae0e77cc1efdd6aa2953",
                "sha256:9a29311bd6429be317c1f3fe4bc06c4c5ee45e2fa61b2a19d4d1d6111cb94af2",
                "sha256:9a2b5b52be0a8626fcbffd7e689781bf8c2ac01613e77feda93d96184949a98e",
                "sha256:a4bdeb0a52d1d04123b41d90a4390b096f3ef38eee35e11f0b22c2d031222c6c",
                "sha256:a9c8c4283e17690ff1a7427123ffb428ad6a52ed720d550e299e8291e33184dc",
                "sha256:b637c57fdb8be84e91fac60d9325a66a5981f8086c954ea2772efe28425eaf64",
                "sha256:bf154ba7ee2fd613eb541c2bc03d3d9ac667080a737449d1a3fb342740eb1a74",
                "sha256:c254b03032d5a06de049ce8bca8338a5185f07fb76600afff3c161e053d88617",
                "sha256:c332d8f8d448ded473b97fefe4a0983265af21917d8b0cdcb8bb06b2afe632c3",
                "sha256:c7912d1526299cb04c88288e148c6c87c0df600eca76efd99d84396cfe00ef1d",
                "sha256:cfd9386c1d6f13b37e05a91a8583e802f8059bebfccde61a418c5808dea6bbfa",
                "sha256:d5d2033d5db1d58ae2d62f095e1aefb6988af65b4b12cb8987af409587cc0739",
                "sha256:dca38a21e4423f3edb821292e97cec7ad38086f84313462098568baedf4331f8",
                "sha256:e2cad8093172b7d1595b4ad66f24270808658e11acf43a8f95b41276162eb5b8",
                "sha256:e3db840a4dee542e37e09f30859f1612da90e1c5239a6a2498c473183a50e781",
                "sha256:edcada2e24ed68f019175c2b2af2a8b481d3d084798b8c20d15d34f5c733fa58",
                "sha256:f467bbb837691ab5a8ca359199d3429a11a01e6dfb3d9dcc676dc035ca93c0a9",
                "sha256:f506af4f27def639ba45789fa6fde45f9a217da0be05f8910458e4557eed020c",
                "sha256:f614fc9956d76d8a88a88bb41ddc12709caa755666f580af3a688899721efecd",
                "sha256:f9afb5b746781fc2abce26193d1c817b7eb0e11459510fba65d2bd77fe161d9e",
                "sha256:fb8b8ee99b3fffe4fd86f4c81b35a6bf7e4462cba019997af2fe679365db0c49"
            ],
            "markers": "python_version >= '3.6'",
            "version": "==6.2"
        },
        "docutils": {
            "hashes": [
                "sha256:6c4f696463b79f1fb8ba0c594b63840ebd41f059e92b31957c46b74a4599b6d0",
                "sha256:9e4d7ecfc600058e07ba661411a2b7de2fd0fafa17d1a7f7361cd47b1175c827",
                "sha256:a2aeea129088da402665e92e0b25b04b073c04b2dce4ab65caaa38b7ce2e1a99"
            ],
            "markers": "python_version >= '2.6' and python_version not in '3.0, 3.1, 3.2, 3.3'",
            "version": "==0.15.2"
        },
        "entrypoints": {
            "hashes": [
                "sha256:589f874b313739ad35be6e0cd7efde2a4e9b6fea91edcc34e58ecbb8dbe56d19",
                "sha256:c70dd71abe5a8c85e55e12c19bd91ccfeec11a6e99044204511f9ed547d48451"
            ],
            "markers": "python_version >= '2.7'",
            "version": "==0.3"
        },
        "enum-compat": {
            "hashes": [
                "sha256:3677daabed56a6f724451d585662253d8fb4e5569845aafa8bb0da36b1a8751e",
                "sha256:88091b617c7fc3bbbceae50db5958023c48dc40b50520005aa3bf27f8f7ea157"
            ],
            "version": "==0.0.3"
        },
        "flake8": {
            "hashes": [
                "sha256:c3ba1e130c813191db95c431a18cb4d20a468e98af7a77e2181b68574481ad36",
                "sha256:fd9ddf503110bf3d8b1d270e8c673aab29ccb3dd6abf29bae1f54e5116ab4a91"
            ],
            "index": "pypi",
            "version": "==3.7.5"
        },
        "importlib-metadata": {
            "hashes": [
                "sha256:65a9576a5b2d58ca44d133c42a241905cc45e34d2c06fd5ba2bafa221e5d7b5e",
                "sha256:766abffff765960fcc18003801f7044eb6755ffae4521c8e8ce8e83b9c9b0668"
            ],
            "markers": "python_version < '3.8'",
            "version": "==4.8.3"
        },
        "jmespath": {
            "hashes": [
                "sha256:b85d0567b8666149a93172712e68920734333c0ce7e89b78b3e987f71e5ed4f9",
                "sha256:cdf6525904cc597730141d61b36f2e4b8ecc257c420fa2f4549bac2c2d0cb72f"
            ],
            "markers": "python_version >= '2.6' and python_version not in '3.0, 3.1, 3.2, 3.3'",
            "version": "==0.10.0"
        },
        "mccabe": {
            "hashes": [
                "sha256:ab8a6258860da4b6677da4bd2fe5dc2c659cff31b3ee4f7f5d64e79735b80d42",
                "sha256:dd8d182285a0fe56bace7f45b5e7d1a6ebcbf524e8f3bd87eb0f125271b8831f"
            ],
            "version": "==0.6.1"
        },
        "more-itertools": {
            "hashes": [
                "sha256:1bc4f91ee5b1b31ac7ceacc17c09befe6a40a503907baf9c839c229b5095cfd2",
                "sha256:c09443cd3d5438b8dafccd867a6bc1cb0894389e90cb53d227456b0b0bccb750"
            ],
            "markers": "python_version >= '3.5'",
            "version": "==8.14.0"
        },
        "mypy": {
            "hashes": [
                "sha256:308c274eb8482fbf16006f549137ddc0d69e5a589465e37b99c4564414363ca7",
                "sha256:e80fd6af34614a0e898a57f14296d0dacb584648f0339c2e000ddbf0f4cc2f8d"
            ],
            "index": "pypi",
            "version": "==0.670"
        },
        "mypy-extensions": {
            "hashes": [
                "sha256:090fedd75945a69ae91ce1303b5824f428daf5a028d2f6ab8a299250a846f15d",
                "sha256:2d82818f5bb3e369420cb3c4060a7970edba416647068eb4c5343488a6c604a8"
            ],
            "version": "==0.4.3"
        },
        "pip": {
            "hashes": [
                "sha256:7909d0a0932e88ea53a7014dfd14522ffef91a464daaaf5c573343852ef98550",
                "sha256:c0a292bd977ef590379a3f05d7b7f65135487b67470f6281289a94e015650ea1"
            ],
            "markers": "python_version >= '2.7' and python_version not in '3.0, 3.1, 3.2, 3.3'",
            "version": "==18.1"
        },
        "pluggy": {
            "hashes": [
                "sha256:4224373bacce55f955a878bf9cfa763c1e360858e330072059e10bad68531159",
                "sha256:74134bbf457f031a36d68416e1509f34bd5ccc019f0bcc952c7b909d06b37bd3"
            ],
            "markers": "python_version >= '3.6'",
            "version": "==1.0.0"
        },
        "py": {
            "hashes": [
                "sha256:51c75c4126074b472f746a24399ad32f6053d1b34b68d2fa41e558e6f4a98719",
                "sha256:607c53218732647dff4acdfcd50cb62615cedf612e72d1724fb1a0cc6405b378"
            ],
            "markers": "python_version >= '2.7' and python_version not in '3.0, 3.1, 3.2, 3.3, 3.4'",
            "version": "==1.11.0"
        },
        "pycodestyle": {
            "hashes": [
                "sha256:95a2219d12372f05704562a14ec30bc76b05a5b297b21a5dfe3f6fac3491ae56",
                "sha256:e40a936c9a450ad81df37f549d676d127b1b66000a6c500caa2b085bc0ca976c"
            ],
            "markers": "python_version >= '2.7' and python_version not in '3.0, 3.1, 3.2, 3.3'",
            "version": "==2.5.0"
        },
        "pyflakes": {
            "hashes": [
                "sha256:17dbeb2e3f4d772725c777fabc446d5634d1038f234e77343108ce445ea69ce0",
                "sha256:d976835886f8c5b31d47970ed689944a0262b5f3afa00a5a7b4dc81e5449f8a2"
            ],
            "markers": "python_version >= '2.7' and python_version not in '3.0, 3.1, 3.2, 3.3'",
            "version": "==2.1.1"
        },
        "pytest": {
            "hashes": [
                "sha256:65aeaa77ae87c7fc95de56285282546cfa9c886dc8e5dc78313db1c25e21bc07",
                "sha256:6ac6d467d9f053e95aaacd79f831dbecfe730f419c6c7022cb316b365cd9199d"
            ],
            "index": "pypi",
            "version": "==4.2.0"
        },
        "pytest-cov": {
            "hashes": [
                "sha256:0ab664b25c6aa9716cbf203b17ddb301932383046082c081b9848a0edf5add33",
                "sha256:230ef817450ab0699c6cc3c9c8f7a829c34674456f2ed8df1fe1d39780f7c87f"
            ],
            "index": "pypi",
            "version": "==2.6.1"
        },
        "python-dateutil": {
            "hashes": [
                "sha256:0123cacc1627ae19ddf3c27a5de5bd67ee4586fbdd6440d9748f8abb483d3e86",
                "sha256:961d03dc3453ebbc59dbdea9e4e11c5651520a876d0f4db161e8674aae935da9"
            ],
            "markers": "python_version >= '2.7'",
            "version": "==2.8.2"
        },
        "s3transfer": {
            "hashes": [
                "sha256:6efc926738a3cd576c2a79725fed9afde92378aa5c6a957e3af010cb019fac9d",
                "sha256:b780f2411b824cb541dbcd2c713d0cb61c7d1bcadae204cdddda2b35cef493ba"
            ],
            "version": "==0.2.1"
        },
        "setuptools": {
            "hashes": [
                "sha256:22c7348c6d2976a52632c67f7ab0cdf40147db7789f9aed18734643fe9cf3373",
                "sha256:4ce92f1e1f8f01233ee9952c04f6b81d1e02939d6e1b488428154974a4d0783e"
            ],
            "markers": "python_version >= '3.6'",
            "version": "==59.6.0"
        },
        "six": {
            "hashes": [
                "sha256:1e61c37477a1626458e36f7b1d82aa5c9b094fa4802892072e49de9c60c4c926",
                "sha256:8abb2f1d86890a2dfb989f9a77cfcfd3e47c2a354b01111771326f8aa26e0254"
            ],
            "markers": "python_version >= '2.7' and python_version not in '3.0, 3.1, 3.2, 3.3'",
            "version": "==1.16.0"
        },
        "typed-ast": {
            "hashes": [
                "sha256:132eae51d6ef3ff4a8c47c393a4ef5ebf0d1aecc96880eb5d6c8ceab7017cc9b",
                "sha256:18141c1484ab8784006c839be8b985cfc82a2e9725837b0ecfa0203f71c4e39d",
                "sha256:2baf617f5bbbfe73fd8846463f5aeafc912b5ee247f410700245d68525ec584a",
                "sha256:3d90063f2cbbe39177e9b4d888e45777012652d6110156845b828908c51ae462",
                "sha256:4304b2218b842d610aa1a1d87e1dc9559597969acc62ce717ee4dfeaa44d7eee",
                "sha256:4983ede548ffc3541bae49a82675996497348e55bafd1554dc4e4a5d6eda541a",
                "sha256:5315f4509c1476718a4825f45a203b82d7fdf2a6f5f0c8f166435975b1c9f7d4",
                "sha256:6cdfb1b49d5345f7c2b90d638822d16ba62dc82f7616e9b4caa10b72f3f16649",
                "sha256:7b325f12635598c604690efd7a0197d0b94b7d7778498e76e0710cd582fd1c7a",
                "sha256:8d3b0e3b8626615826f9a626548057c5275a9733512b137984a68ba1598d3d2f",
                "sha256:8f8631160c79f53081bd23446525db0bc4c5616f78d04021e6e434b286493fd7",
                "sha256:912de10965f3dc89da23936f1cc4ed60764f712e5fa603a09dd904f88c996760",
                "sha256:b010c07b975fe853c65d7bbe9d4ac62f1c69086750a574f6292597763781ba18",
                "sha256:c908c10505904c48081a5415a1e295d8403e353e0c14c42b6d67f8f97fae6616",
                "sha256:c94dd3807c0c0610f7c76f078119f4ea48235a953512752b9175f9f98f5ae2bd",
                "sha256:ce65dee7594a84c466e79d7fb7d3303e7295d16a83c22c7c4037071b059e2c21",
                "sha256:eaa9cfcb221a8a4c2889be6f93da141ac777eb8819f077e1d09fb12d00a09a93",
                "sha256:f3376bc31bad66d46d44b4e6522c5c21976bf9bca4ef5987bb2bf727f4506cbb",
                "sha256:f9202fa138544e13a4ec1a6792c35834250a85958fde1251b6a22e07d1260ae7"
            ],
            "version": "==1.3.5"
        },
        "typing": {
            "hashes": [
                "sha256:3a887b021a77b292e151afb75323dea88a7bc1b3dfa92176cff8e44c8b68bddf",
                "sha256:b2c689d54e1144bbcfd191b0832980a21c2dbcf7b5ff7a66248a60c90e951eb8",
                "sha256:d400a9344254803a2368533e4533a4200d21eb7b6b729c173bc38201a74db3f2"
            ],
            "markers": "python_version < '3.7'",
            "version": "==3.6.4"
        },
        "typing-extensions": {
            "hashes": [
                "sha256:1a9462dcc3347a79b1f1c0271fbe79e844580bb598bafa1ed208b94da3cdcd42",
                "sha256:21c85e0fe4b9a155d0799430b0ad741cdce7e359660ccbd8b530613e8df88ce2"
            ],
            "markers": "python_version < '3.8'",
            "version": "==4.1.1"
        },
        "urllib3": {
            "hashes": [
                "sha256:2393a695cd12afedd0dcb26fe5d50d0cf248e5a66f75dbd89a3d4eb333a61af4",
                "sha256:a637e5fae88995b256e3409dc4d52c2e2e0ba32c42a6365fee8bbd2238de3cfb"
            ],
            "markers": "python_version >= '2.7' and python_version not in '3.0, 3.1, 3.2, 3.3' and python_version < '4'",
            "version": "==1.24.3"
        },
        "wheel": {
            "hashes": [
                "sha256:4bdcd7d840138086126cd09254dc6195fb4fc6f01c050a1d7236f2630db1d22a",
                "sha256:e9a504e793efbca1b8e0e9cb979a249cf4a0a7b5b8c9e8b65a5e39d49529c1c4"
            ],
            "markers": "python_version >= '2.7' and python_version not in '3.0, 3.1, 3.2, 3.3, 3.4'",
            "version": "==0.37.1"
        },
        "zipp": {
            "hashes": [
                "sha256:71c644c5369f4a6e07636f0aa966270449561fcea2e3d6747b8d23efaa9d7832",
                "sha256:9fe5ea21568a0a70e50f273397638d39b03353731e6cbbb3fd8502a33fec40bc"
            ],
            "markers": "python_version >= '3.6'",
            "version": "==3.6.0"
        }
    }
}
